
Microsoft Visual Studio Solution File, Format Version 11.00
# Visual C# Express 2010
Project("{FAE04EC0-301F-11D3-BF4B-00C04F79EFBC}") = "Load Script Creator", "Load Script Creator\Load Script Creator.csproj", "{B5B9B52F-0A5E-4692-A7BC-902E1FA11313}"
EndProject
Global
	GlobalSection(SolutionConfigurationPlatforms) = preSolution
		Debug|x86 = Debug|x86
		Release|x86 = Release|x86
	EndGlobalSection
	GlobalSection(ProjectConfigurationPlatforms) = postSolution
		{B5B9B52F-0A5E-4692-A7BC-902E1FA11313}.Debug|x86.ActiveCfg = Debug|x86
		{B5B9B52F-0A5E-4692-A7BC-902E1FA11313}.Debug|x86.Build.0 = Debug|x86
		{B5B9B52F-0A5E-4692-A7BC-902E1FA11313}.Release|x86.ActiveCfg = Release|x86
		{B5B9B52F-0A5E-4692-A7BC-902E1FA11313}.Release|x86.Build.0 = Release|x86
	EndGlobalSection
	GlobalSection(SolutionProperties) = preSolution
		HideSolutionNode = FALSE
	EndGlobalSection
EndGlobal
